
Microsoft Visual Studio Solution File, Format Version 12.00
# Visual Studio Version 17
VisualStudioVersion = 17.8.34511.84
MinimumVisualStudioVersion = 10.0.40219.1
Project("{FAE04EC0-301F-11D3-BF4B-00C04F79EFBC}") = "Ct1300_Kalkulacka", "Ct1300_Kalkulacka\Ct1300_Kalkulacka.csproj", "{9FF5A035-74A8-4C4E-AEC8-85FABC425475}"
EndProject
Global
	GlobalSection(SolutionConfigurationPlatforms) = preSolution
		Debug|Any CPU = Debug|Any CPU
		Release|Any CPU = Release|Any CPU
	EndGlobalSection
	GlobalSection(ProjectConfigurationPlatforms) = postSolution
		{9FF5A035-74A8-4C4E-AEC8-85FABC425475}.Debug|Any CPU.ActiveCfg = Debug|Any CPU
		{9FF5A035-74A8-4C4E-AEC8-85FABC425475}.Debug|Any CPU.Build.0 = Debug|Any CPU
		{9FF5A035-74A8-4C4E-AEC8-85FABC425475}.Release|Any CPU.ActiveCfg = Release|Any CPU
		{9FF5A035-74A8-4C4E-AEC8-85FABC425475}.Release|Any CPU.Build.0 = Release|Any CPU
	EndGlobalSection
	GlobalSection(SolutionProperties) = preSolution
		HideSolutionNode = FALSE
	EndGlobalSection
	GlobalSection(ExtensibilityGlobals) = postSolution
		SolutionGuid = {86D1649A-83FD-4CA9-8935-4689A111C854}
	EndGlobalSection
EndGlobal
